// !$*UTF8*$!
{
	archiveVersion = 1;
	classes = {
	};
	objectVersion = 46;
	objects = {

/* Begin PBXBuildFile section */
		294F789C2226942700E2A24F /* main.swift in Sources */ = {isa = PBXBuildFile; fileRef = 294F789B2226942700E2A24F /* main.swift */; };
		294F78B322269EFD00E2A24F /* ConsoleParameter.swift in Sources */ = {isa = PBXBuildFile; fileRef = 294F78B222269EFD00E2A24F /* ConsoleParameter.swift */; };
		29AE5B02223F937C00F589F9 /* DependencyDTO.swift in Sources */ = {isa = PBXBuildFile; fileRef = 29AE5AFE223F8FC000F589F9 /* DependencyDTO.swift */; };
		29AE5B03223F937C00F589F9 /* ArgumentDTO.swift in Sources */ = {isa = PBXBuildFile; fileRef = 29AE5B00223F8FCD00F589F9 /* ArgumentDTO.swift */; };
		29AE5B09223FB8F200F589F9 /* BodyDTO.swift in Sources */ = {isa = PBXBuildFile; fileRef = 29AE5B07223FB8BB00F589F9 /* BodyDTO.swift */; };
		29AE5B13223FD40C00F589F9 /* ConfigDTO.swift in Sources */ = {isa = PBXBuildFile; fileRef = 29AE5B11223FD40900F589F9 /* ConfigDTO.swift */; };
/* End PBXBuildFile section */

/* Begin PBXCopyFilesBuildPhase section */
		294F78972226942700E2A24F /* CopyFiles */ = {
			isa = PBXCopyFilesBuildPhase;
			buildActionMask = 2147483647;
			dstPath = /usr/share/man/man1/;
			dstSubfolderSpec = 0;
			files = (
			);
			runOnlyForDeploymentPostprocessing = 1;
		};
/* End PBXCopyFilesBuildPhase section */

/* Begin PBXFileReference section */
		17EFE1856AE679994C7C312D /* Pods.framework */ = {isa = PBXFileReference; explicitFileType = wrapper.framework; includeInIndex = 0; path = Pods.framework; sourceTree = BUILT_PRODUCTS_DIR; };
		1A39376D7F8CF12BAF2A616E /* Pods-SDOSSwinjectExample.debug.xcconfig */ = {isa = PBXFileReference; includeInIndex = 1; lastKnownFileType = text.xcconfig; name = "Pods-SDOSSwinjectExample.debug.xcconfig"; path = "Pods/Target Support Files/Pods-SDOSSwinjectExample/Pods-SDOSSwinjectExample.debug.xcconfig"; sourceTree = "<group>"; };
		27703CC52B072DD0A398091A /* libPods-SDOSSwinjectExample.a */ = {isa = PBXFileReference; explicitFileType = archive.ar; includeInIndex = 0; path = "libPods-SDOSSwinjectExample.a"; sourceTree = BUILT_PRODUCTS_DIR; };
		29259E5D248E47FE005D8CEF /* Dependencies.json */ = {isa = PBXFileReference; fileEncoding = 4; lastKnownFileType = text.json; path = Dependencies.json; sourceTree = "<group>"; };
		29259E5E248E4946005D8CEF /* UI.json */ = {isa = PBXFileReference; fileEncoding = 4; lastKnownFileType = text.json; path = UI.json; sourceTree = "<group>"; };
		29259E5F248E4946005D8CEF /* BL.json */ = {isa = PBXFileReference; fileEncoding = 4; lastKnownFileType = text.json; path = BL.json; sourceTree = "<group>"; };
		29259E60248E4979005D8CEF /* Repository.json */ = {isa = PBXFileReference; lastKnownFileType = text.json; path = Repository.json; sourceTree = "<group>"; };
		29259E63248E58CF005D8CEF /* DependenciesMultiple.swift */ = {isa = PBXFileReference; fileEncoding = 4; lastKnownFileType = sourcecode.swift; path = DependenciesMultiple.swift; sourceTree = "<group>"; };
		294F78992226942700E2A24F /* SDOSSwinject */ = {isa = PBXFileReference; explicitFileType = "compiled.mach-o.executable"; includeInIndex = 0; path = SDOSSwinject; sourceTree = BUILT_PRODUCTS_DIR; };
		294F789B2226942700E2A24F /* main.swift */ = {isa = PBXFileReference; lastKnownFileType = sourcecode.swift; path = main.swift; sourceTree = "<group>"; };
		294F78B222269EFD00E2A24F /* ConsoleParameter.swift */ = {isa = PBXFileReference; lastKnownFileType = sourcecode.swift; path = ConsoleParameter.swift; sourceTree = "<group>"; };
		295B94852498D6CA00FBEEBF /* DependenciesMultiple.swift.files */ = {isa = PBXFileReference; lastKnownFileType = text; path = DependenciesMultiple.swift.files; sourceTree = "<group>"; };
		29AE5AFE223F8FC000F589F9 /* DependencyDTO.swift */ = {isa = PBXFileReference; lastKnownFileType = sourcecode.swift; path = DependencyDTO.swift; sourceTree = "<group>"; };
		29AE5B00223F8FCD00F589F9 /* ArgumentDTO.swift */ = {isa = PBXFileReference; lastKnownFileType = sourcecode.swift; path = ArgumentDTO.swift; sourceTree = "<group>"; };
		29AE5B05223FB36000F589F9 /* dependencies.json */ = {isa = PBXFileReference; lastKnownFileType = text.json; path = dependencies.json; sourceTree = "<group>"; };
		29AE5B06223FB36000F589F9 /* Dependencies.swift */ = {isa = PBXFileReference; lastKnownFileType = sourcecode.swift; path = Dependencies.swift; sourceTree = "<group>"; };
		29AE5B07223FB8BB00F589F9 /* BodyDTO.swift */ = {isa = PBXFileReference; lastKnownFileType = sourcecode.swift; path = BodyDTO.swift; sourceTree = "<group>"; };
		29AE5B11223FD40900F589F9 /* ConfigDTO.swift */ = {isa = PBXFileReference; lastKnownFileType = sourcecode.swift; path = ConfigDTO.swift; sourceTree = "<group>"; };
		29D10360224B5F7700B787BF /* CHANGELOG.md */ = {isa = PBXFileReference; lastKnownFileType = net.daringfireball.markdown; name = CHANGELOG.md; path = ../../CHANGELOG.md; sourceTree = "<group>"; };
		29D10361224B5F7700B787BF /* README.md */ = {isa = PBXFileReference; lastKnownFileType = net.daringfireball.markdown; name = README.md; path = ../../README.md; sourceTree = "<group>"; };
		8C7DFC9A22708611004FBC61 /* DependenciesAccessLevel.swift */ = {isa = PBXFileReference; lastKnownFileType = sourcecode.swift; path = DependenciesAccessLevel.swift; sourceTree = "<group>"; };
		8C7DFC9B22708611004FBC61 /* dependenciesAccessLevel.json */ = {isa = PBXFileReference; lastKnownFileType = text.json; path = dependenciesAccessLevel.json; sourceTree = "<group>"; };
		EFC357613C5653C7886BF973 /* Pods-SDOSSwinjectExample.preproduction.xcconfig */ = {isa = PBXFileReference; includeInIndex = 1; lastKnownFileType = text.xcconfig; name = "Pods-SDOSSwinjectExample.preproduction.xcconfig"; path = "Pods/Target Support Files/Pods-SDOSSwinjectExample/Pods-SDOSSwinjectExample.preproduction.xcconfig"; sourceTree = "<group>"; };
		F399E3EE0A9E3A83C489D02A /* Pods-SDOSSwinjectExample.production.xcconfig */ = {isa = PBXFileReference; includeInIndex = 1; lastKnownFileType = text.xcconfig; name = "Pods-SDOSSwinjectExample.production.xcconfig"; path = "Pods/Target Support Files/Pods-SDOSSwinjectExample/Pods-SDOSSwinjectExample.production.xcconfig"; sourceTree = "<group>"; };
/* End PBXFileReference section */

/* Begin PBXFrameworksBuildPhase section */
		294F78962226942700E2A24F /* Frameworks */ = {
			isa = PBXFrameworksBuildPhase;
			buildActionMask = 2147483647;
			files = (
			);
			runOnlyForDeploymentPostprocessing = 0;
		};
/* End PBXFrameworksBuildPhase section */

/* Begin PBXGroup section */
		1A3F2B7365F64DEDC650C528 /* Frameworks */ = {
			isa = PBXGroup;
			children = (
				17EFE1856AE679994C7C312D /* Pods.framework */,
				27703CC52B072DD0A398091A /* libPods-SDOSSwinjectExample.a */,
			);
			name = Frameworks;
			sourceTree = "<group>";
		};
		29259E5C248E47C1005D8CEF /* Multiple */ = {
			isa = PBXGroup;
			children = (
				295B94852498D6CA00FBEEBF /* DependenciesMultiple.swift.files */,
				29259E63248E58CF005D8CEF /* DependenciesMultiple.swift */,
				29259E60248E4979005D8CEF /* Repository.json */,
				29259E5F248E4946005D8CEF /* BL.json */,
				29259E5E248E4946005D8CEF /* UI.json */,
				29259E5D248E47FE005D8CEF /* Dependencies.json */,
			);
			path = Multiple;
			sourceTree = "<group>";
		};
		294F789A2226942700E2A24F /* SDOSSwinjectScript */ = {
			isa = PBXGroup;
			children = (
				29AE5B10223FD2A200F589F9 /* DTO */,
				294F78AE22269E8600E2A24F /* ConsoleParameter */,
				294F789B2226942700E2A24F /* main.swift */,
			);
			path = SDOSSwinjectScript;
			sourceTree = "<group>";
		};
		294F78AE22269E8600E2A24F /* ConsoleParameter */ = {
			isa = PBXGroup;
			children = (
				294F78B222269EFD00E2A24F /* ConsoleParameter.swift */,
			);
			path = ConsoleParameter;
			sourceTree = "<group>";
		};
		2970AD6C1BFA153F007CFBD9 = {
			isa = PBXGroup;
			children = (
				29D10360224B5F7700B787BF /* CHANGELOG.md */,
				29D10361224B5F7700B787BF /* README.md */,
				29AE5B04223FB36000F589F9 /* example */,
				294F789A2226942700E2A24F /* SDOSSwinjectScript */,
				2970AD761BFA153F007CFBD9 /* Products */,
				1A3F2B7365F64DEDC650C528 /* Frameworks */,
				49D95299EC16568E6CBBDA23 /* Pods */,
			);
			sourceTree = "<group>";
		};
		2970AD761BFA153F007CFBD9 /* Products */ = {
			isa = PBXGroup;
			children = (
				294F78992226942700E2A24F /* SDOSSwinject */,
			);
			name = Products;
			sourceTree = "<group>";
		};
		29AE5B04223FB36000F589F9 /* example */ = {
			isa = PBXGroup;
			children = (
				29259E5C248E47C1005D8CEF /* Multiple */,
				8C7DFC9B22708611004FBC61 /* dependenciesAccessLevel.json */,
				8C7DFC9A22708611004FBC61 /* DependenciesAccessLevel.swift */,
				29AE5B05223FB36000F589F9 /* dependencies.json */,
				29AE5B06223FB36000F589F9 /* Dependencies.swift */,
			);
			path = example;
			sourceTree = "<group>";
		};
		29AE5B10223FD2A200F589F9 /* DTO */ = {
			isa = PBXGroup;
			children = (
				29AE5AFE223F8FC000F589F9 /* DependencyDTO.swift */,
				29AE5B00223F8FCD00F589F9 /* ArgumentDTO.swift */,
				29AE5B07223FB8BB00F589F9 /* BodyDTO.swift */,
				29AE5B11223FD40900F589F9 /* ConfigDTO.swift */,
			);
			path = DTO;
			sourceTree = "<group>";
		};
		49D95299EC16568E6CBBDA23 /* Pods */ = {
			isa = PBXGroup;
			children = (
				1A39376D7F8CF12BAF2A616E /* Pods-SDOSSwinjectExample.debug.xcconfig */,
				EFC357613C5653C7886BF973 /* Pods-SDOSSwinjectExample.preproduction.xcconfig */,
				F399E3EE0A9E3A83C489D02A /* Pods-SDOSSwinjectExample.production.xcconfig */,
			);
			name = Pods;
			sourceTree = "<group>";
		};
/* End PBXGroup section */

/* Begin PBXNativeTarget section */
		294F78982226942700E2A24F /* SDOSSwinjectExampleScript */ = {
			isa = PBXNativeTarget;
			buildConfigurationList = 294F789D2226942700E2A24F /* Build configuration list for PBXNativeTarget "SDOSSwinjectExampleScript" */;
			buildPhases = (
				294F78952226942700E2A24F /* Sources */,
				294F78962226942700E2A24F /* Frameworks */,
				294F78972226942700E2A24F /* CopyFiles */,
			);
			buildRules = (
			);
			dependencies = (
			);
			name = SDOSSwinjectExampleScript;
			productName = SDOSEnvironmentScript;
			productReference = 294F78992226942700E2A24F /* SDOSSwinject */;
			productType = "com.apple.product-type.tool";
		};
/* End PBXNativeTarget section */

/* Begin PBXProject section */
		2970AD6D1BFA153F007CFBD9 /* Project object */ = {
			isa = PBXProject;
			attributes = {
				LastSwiftUpdateCheck = 1020;
				LastUpgradeCheck = 0710;
				ORGANIZATIONNAME = SDOS;
				TargetAttributes = {
					294F78982226942700E2A24F = {
						CreatedOnToolsVersion = 10.2;
						LastSwiftMigration = 1020;
						ProvisioningStyle = Automatic;
					};
				};
			};
			buildConfigurationList = 2970AD701BFA153F007CFBD9 /* Build configuration list for PBXProject "SDOSSwinjectExample" */;
			compatibilityVersion = "Xcode 3.2";
			developmentRegion = English;
			hasScannedForEncodings = 0;
			knownRegions = (
				English,
				en,
				Base,
				es,
			);
			mainGroup = 2970AD6C1BFA153F007CFBD9;
			productRefGroup = 2970AD761BFA153F007CFBD9 /* Products */;
			projectDirPath = "";
			projectRoot = "";
			targets = (
				294F78982226942700E2A24F /* SDOSSwinjectExampleScript */,
			);
		};
/* End PBXProject section */

/* Begin PBXSourcesBuildPhase section */
		294F78952226942700E2A24F /* Sources */ = {
			isa = PBXSourcesBuildPhase;
			buildActionMask = 2147483647;
			files = (
				29AE5B09223FB8F200F589F9 /* BodyDTO.swift in Sources */,
				29AE5B02223F937C00F589F9 /* DependencyDTO.swift in Sources */,
				294F78B322269EFD00E2A24F /* ConsoleParameter.swift in Sources */,
				29AE5B13223FD40C00F589F9 /* ConfigDTO.swift in Sources */,
				29AE5B03223F937C00F589F9 /* ArgumentDTO.swift in Sources */,
				294F789C2226942700E2A24F /* main.swift in Sources */,
			);
			runOnlyForDeploymentPostprocessing = 0;
		};
/* End PBXSourcesBuildPhase section */

/* Begin XCBuildConfiguration section */
		294F789E2226942700E2A24F /* Debug */ = {
			isa = XCBuildConfiguration;
			buildSettings = {
				ALWAYS_EMBED_SWIFT_STANDARD_LIBRARIES = YES;
				CLANG_ANALYZER_NONNULL = YES;
				CLANG_ANALYZER_NUMBER_OBJECT_CONVERSION = YES_AGGRESSIVE;
				CLANG_CXX_LANGUAGE_STANDARD = "gnu++14";
				CLANG_ENABLE_MODULES = YES;
				CLANG_ENABLE_OBJC_WEAK = YES;
				CLANG_WARN_BLOCK_CAPTURE_AUTORELEASING = YES;
				CLANG_WARN_COMMA = YES;
				CLANG_WARN_DEPRECATED_OBJC_IMPLEMENTATIONS = YES;
				CLANG_WARN_DOCUMENTATION_COMMENTS = YES;
				CLANG_WARN_INFINITE_RECURSION = YES;
				CLANG_WARN_NON_LITERAL_NULL_CONVERSION = YES;
				CLANG_WARN_OBJC_IMPLICIT_RETAIN_SELF = YES;
				CLANG_WARN_OBJC_LITERAL_CONVERSION = YES;
				CLANG_WARN_RANGE_LOOP_ANALYSIS = YES;
				CLANG_WARN_STRICT_PROTOTYPES = YES;
				CLANG_WARN_SUSPICIOUS_MOVE = YES;
				CLANG_WARN_UNGUARDED_AVAILABILITY = YES_AGGRESSIVE;
				CODE_SIGN_IDENTITY = "-";
				CODE_SIGN_STYLE = Automatic;
				CONFIGURATION_BUILD_DIR = "${PROJECT_DIR}/../../src/Scripts";
				DEBUG_INFORMATION_FORMAT = dwarf;
				GCC_C_LANGUAGE_STANDARD = gnu11;
				LD_RUNPATH_SEARCH_PATHS = "$(inherited) @executable_path/../Frameworks @loader_path/../Frameworks $(TOOLCHAIN_DIR)/usr/lib/swift/macosx @executable_path";
				MACOSX_DEPLOYMENT_TARGET = 10.9;
				MTL_ENABLE_DEBUG_INFO = INCLUDE_SOURCE;
				MTL_FAST_MATH = YES;
				PRODUCT_NAME = SDOSSwinject;
				SDKROOT = macosx;
				SWIFT_ACTIVE_COMPILATION_CONDITIONS = DEBUG;
				SWIFT_OPTIMIZATION_LEVEL = "-Onone";
				SWIFT_VERSION = 5.0;
			};
			name = Debug;
		};
		294F789F2226942700E2A24F /* Preproduction */ = {
			isa = XCBuildConfiguration;
			buildSettings = {
				ALWAYS_EMBED_SWIFT_STANDARD_LIBRARIES = YES;
				ALWAYS_SEARCH_USER_PATHS = NO;
				CLANG_ANALYZER_NONNULL = YES;
				CLANG_ANALYZER_NUMBER_OBJECT_CONVERSION = YES_AGGRESSIVE;
				CLANG_CXX_LANGUAGE_STANDARD = "gnu++14";
				CLANG_CXX_LIBRARY = "libc++";
				CLANG_ENABLE_MODULES = YES;
				CLANG_ENABLE_OBJC_ARC = YES;
				CLANG_ENABLE_OBJC_WEAK = YES;
				CLANG_WARN_BLOCK_CAPTURE_AUTORELEASING = YES;
				CLANG_WARN_BOOL_CONVERSION = YES;
				CLANG_WARN_COMMA = YES;
				CLANG_WARN_CONSTANT_CONVERSION = YES;
				CLANG_WARN_DEPRECATED_OBJC_IMPLEMENTATIONS = YES;
				CLANG_WARN_DIRECT_OBJC_ISA_USAGE = YES_ERROR;
				CLANG_WARN_DOCUMENTATION_COMMENTS = YES;
				CLANG_WARN_EMPTY_BODY = YES;
				CLANG_WARN_ENUM_CONVERSION = YES;
				CLANG_WARN_INFINITE_RECURSION = YES;
				CLANG_WARN_INT_CONVERSION = YES;
				CLANG_WARN_NON_LITERAL_NULL_CONVERSION = YES;
				CLANG_WARN_OBJC_IMPLICIT_RETAIN_SELF = YES;
				CLANG_WARN_OBJC_LITERAL_CONVERSION = YES;
				CLANG_WARN_OBJC_ROOT_CLASS = YES_ERROR;
				CLANG_WARN_RANGE_LOOP_ANALYSIS = YES;
				CLANG_WARN_STRICT_PROTOTYPES = YES;
				CLANG_WARN_SUSPICIOUS_MOVE = YES;
				CLANG_WARN_UNGUARDED_AVAILABILITY = YES_AGGRESSIVE;
				CLANG_WARN_UNREACHABLE_CODE = YES;
				CLANG_WARN__DUPLICATE_METHOD_MATCH = YES;
				CODE_SIGN_IDENTITY = "-";
				CODE_SIGN_STYLE = Automatic;
				CONFIGURATION_BUILD_DIR = "${PROJECT_DIR}/../../src/Scripts";
				COPY_PHASE_STRIP = NO;
				DEBUG_INFORMATION_FORMAT = "dwarf-with-dsym";
				ENABLE_NS_ASSERTIONS = NO;
				ENABLE_STRICT_OBJC_MSGSEND = YES;
				GCC_C_LANGUAGE_STANDARD = gnu11;
				GCC_NO_COMMON_BLOCKS = YES;
				GCC_WARN_64_TO_32_BIT_CONVERSION = YES;
				GCC_WARN_ABOUT_RETURN_TYPE = YES_ERROR;
				GCC_WARN_UNDECLARED_SELECTOR = YES;
				GCC_WARN_UNINITIALIZED_AUTOS = YES_AGGRESSIVE;
				GCC_WARN_UNUSED_FUNCTION = YES;
				GCC_WARN_UNUSED_VARIABLE = YES;
				LD_RUNPATH_SEARCH_PATHS = "$(inherited) @executable_path/../Frameworks @loader_path/../Frameworks $(TOOLCHAIN_DIR)/usr/lib/swift/macosx @executable_path";
				MACOSX_DEPLOYMENT_TARGET = 10.9;
				MTL_ENABLE_DEBUG_INFO = NO;
				MTL_FAST_MATH = YES;
				PRODUCT_NAME = SDOSSwinject;
				SDKROOT = macosx;
				SWIFT_OPTIMIZATION_LEVEL = "-Owholemodule";
				SWIFT_VERSION = 5.0;
			};
			name = Preproduction;
		};
		294F78A02226942700E2A24F /* Production */ = {
			isa = XCBuildConfiguration;
			buildSettings = {
				ALWAYS_EMBED_SWIFT_STANDARD_LIBRARIES = YES;
				ALWAYS_SEARCH_USER_PATHS = NO;
				CLANG_ANALYZER_NONNULL = YES;
				CLANG_ANALYZER_NUMBER_OBJECT_CONVERSION = YES_AGGRESSIVE;
				CLANG_CXX_LANGUAGE_STANDARD = "gnu++14";
				CLANG_CXX_LIBRARY = "libc++";
				CLANG_ENABLE_MODULES = YES;
				CLANG_ENABLE_OBJC_ARC = YES;
				CLANG_ENABLE_OBJC_WEAK = YES;
				CLANG_WARN_BLOCK_CAPTURE_AUTORELEASING = YES;
				CLANG_WARN_BOOL_CONVERSION = YES;
				CLANG_WARN_COMMA = YES;
				CLANG_WARN_CONSTANT_CONVERSION = YES;
				CLANG_WARN_DEPRECATED_OBJC_IMPLEMENTATIONS = YES;
				CLANG_WARN_DIRECT_OBJC_ISA_USAGE = YES_ERROR;
				CLANG_WARN_DOCUMENTATION_COMMENTS = YES;
				CLANG_WARN_EMPTY_BODY = YES;
				CLANG_WARN_ENUM_CONVERSION = YES;
				CLANG_WARN_INFINITE_RECURSION = YES;
				CLANG_WARN_INT_CONVERSION = YES;
				CLANG_WARN_NON_LITERAL_NULL_CONVERSION = YES;
				CLANG_WARN_OBJC_IMPLICIT_RETAIN_SELF = YES;
				CLANG_WARN_OBJC_LITERAL_CONVERSION = YES;
				CLANG_WARN_OBJC_ROOT_CLASS = YES_ERROR;
				CLANG_WARN_RANGE_LOOP_ANALYSIS = YES;
				CLANG_WARN_STRICT_PROTOTYPES = YES;
				CLANG_WARN_SUSPICIOUS_MOVE = YES;
				CLANG_WARN_UNGUARDED_AVAILABILITY = YES_AGGRESSIVE;
				CLANG_WARN_UNREACHABLE_CODE = YES;
				CLANG_WARN__DUPLICATE_METHOD_MATCH = YES;
				CODE_SIGN_IDENTITY = "-";
				CODE_SIGN_STYLE = Automatic;
				CONFIGURATION_BUILD_DIR = "${PROJECT_DIR}/../../src/Scripts";
				COPY_PHASE_STRIP = NO;
				DEBUG_INFORMATION_FORMAT = "dwarf-with-dsym";
				ENABLE_NS_ASSERTIONS = NO;
				ENABLE_STRICT_OBJC_MSGSEND = YES;
				GCC_C_LANGUAGE_STANDARD = gnu11;
				GCC_NO_COMMON_BLOCKS = YES;
				GCC_WARN_64_TO_32_BIT_CONVERSION = YES;
				GCC_WARN_ABOUT_RETURN_TYPE = YES_ERROR;
				GCC_WARN_UNDECLARED_SELECTOR = YES;
				GCC_WARN_UNINITIALIZED_AUTOS = YES_AGGRESSIVE;
				GCC_WARN_UNUSED_FUNCTION = YES;
				GCC_WARN_UNUSED_VARIABLE = YES;
				LD_RUNPATH_SEARCH_PATHS = "$(inherited) @executable_path/../Frameworks @loader_path/../Frameworks $(TOOLCHAIN_DIR)/usr/lib/swift/macosx @executable_path";
				MACOSX_DEPLOYMENT_TARGET = 10.9;
				MTL_ENABLE_DEBUG_INFO = NO;
				MTL_FAST_MATH = YES;
				PRODUCT_NAME = SDOSSwinject;
				SDKROOT = macosx;
				SWIFT_OPTIMIZATION_LEVEL = "-Owholemodule";
				SWIFT_VERSION = 5.0;
			};
			name = Production;
		};
		2970AD8D1BFA153F007CFBD9 /* Debug */ = {
			isa = XCBuildConfiguration;
			buildSettings = {
				ALWAYS_SEARCH_USER_PATHS = NO;
				ASSETCATALOG_COMPILER_APPICON_NAME = "$(APP_ICON_ASSETS)";
				ASSETCATALOG_COMPILER_LAUNCHIMAGE_NAME = "$(LAUNCHER_ASSETS)";
				CLANG_ALLOW_NON_MODULAR_INCLUDES_IN_FRAMEWORK_MODULES = YES;
				CLANG_CXX_LANGUAGE_STANDARD = "gnu++0x";
				CLANG_CXX_LIBRARY = "libc++";
				CLANG_ENABLE_MODULES = YES;
				CLANG_ENABLE_OBJC_ARC = YES;
				CLANG_WARN_BOOL_CONVERSION = YES;
				CLANG_WARN_CONSTANT_CONVERSION = YES;
				CLANG_WARN_DIRECT_OBJC_ISA_USAGE = YES_ERROR;
				CLANG_WARN_EMPTY_BODY = YES;
				CLANG_WARN_ENUM_CONVERSION = YES;
				CLANG_WARN_INT_CONVERSION = YES;
				CLANG_WARN_OBJC_ROOT_CLASS = YES_ERROR;
				CLANG_WARN_UNREACHABLE_CODE = YES;
				CLANG_WARN__DUPLICATE_METHOD_MATCH = YES;
				"CODE_SIGN_IDENTITY[sdk=iphoneos*]" = "iPhone Developer";
				COPY_PHASE_STRIP = NO;
				DEBUG_INFORMATION_FORMAT = "dwarf-with-dsym";
				DEFINES_MODULE = YES;
				ENABLE_STRICT_OBJC_MSGSEND = YES;
				ENABLE_TESTABILITY = YES;
				GCC_C_LANGUAGE_STANDARD = gnu99;
				GCC_DYNAMIC_NO_PIC = NO;
				GCC_NO_COMMON_BLOCKS = YES;
				GCC_OPTIMIZATION_LEVEL = 0;
				GCC_PREPROCESSOR_DEFINITIONS = (
					"DEBUG=1",
					"$(inherited)",
				);
				GCC_WARN_64_TO_32_BIT_CONVERSION = YES;
				GCC_WARN_ABOUT_RETURN_TYPE = YES_ERROR;
				GCC_WARN_UNDECLARED_SELECTOR = YES;
				GCC_WARN_UNINITIALIZED_AUTOS = YES_AGGRESSIVE;
				GCC_WARN_UNUSED_FUNCTION = YES;
				GCC_WARN_UNUSED_VARIABLE = YES;
				IPHONEOS_DEPLOYMENT_TARGET = 9.0;
				MTL_ENABLE_DEBUG_INFO = YES;
				ONLY_ACTIVE_ARCH = YES;
				SDKROOT = iphoneos;
				SWIFT_VERSION = 4.0;
			};
			name = Debug;
		};
		2970AD8E1BFA153F007CFBD9 /* Preproduction */ = {
			isa = XCBuildConfiguration;
			buildSettings = {
				ALWAYS_SEARCH_USER_PATHS = NO;
				ASSETCATALOG_COMPILER_APPICON_NAME = "$(APP_ICON_ASSETS)";
				ASSETCATALOG_COMPILER_LAUNCHIMAGE_NAME = "$(LAUNCHER_ASSETS)";
				CLANG_ALLOW_NON_MODULAR_INCLUDES_IN_FRAMEWORK_MODULES = YES;
				CLANG_CXX_LANGUAGE_STANDARD = "gnu++0x";
				CLANG_CXX_LIBRARY = "libc++";
				CLANG_ENABLE_MODULES = YES;
				CLANG_ENABLE_OBJC_ARC = YES;
				CLANG_WARN_BOOL_CONVERSION = YES;
				CLANG_WARN_CONSTANT_CONVERSION = YES;
				CLANG_WARN_DIRECT_OBJC_ISA_USAGE = YES_ERROR;
				CLANG_WARN_EMPTY_BODY = YES;
				CLANG_WARN_ENUM_CONVERSION = YES;
				CLANG_WARN_INT_CONVERSION = YES;
				CLANG_WARN_OBJC_ROOT_CLASS = YES_ERROR;
				CLANG_WARN_UNREACHABLE_CODE = YES;
				CLANG_WARN__DUPLICATE_METHOD_MATCH = YES;
				"CODE_SIGN_IDENTITY[sdk=iphoneos*]" = "iPhone Developer";
				COPY_PHASE_STRIP = NO;
				DEBUG_INFORMATION_FORMAT = "dwarf-with-dsym";
				DEFINES_MODULE = YES;
				ENABLE_NS_ASSERTIONS = NO;
				ENABLE_STRICT_OBJC_MSGSEND = YES;
				GCC_C_LANGUAGE_STANDARD = gnu99;
				GCC_NO_COMMON_BLOCKS = YES;
				GCC_PREPROCESSOR_DEFINITIONS = (
					"PREPRODUCTION=1",
					"$(inherited)",
				);
				GCC_WARN_64_TO_32_BIT_CONVERSION = YES;
				GCC_WARN_ABOUT_RETURN_TYPE = YES_ERROR;
				GCC_WARN_UNDECLARED_SELECTOR = YES;
				GCC_WARN_UNINITIALIZED_AUTOS = YES_AGGRESSIVE;
				GCC_WARN_UNUSED_FUNCTION = YES;
				GCC_WARN_UNUSED_VARIABLE = YES;
				IPHONEOS_DEPLOYMENT_TARGET = 9.0;
				MTL_ENABLE_DEBUG_INFO = NO;
				SDKROOT = iphoneos;
				SWIFT_VERSION = 4.0;
				VALIDATE_PRODUCT = YES;
			};
			name = Preproduction;
		};
		29AFB1E61C04A0F8004AB1B6 /* Production */ = {
			isa = XCBuildConfiguration;
			buildSettings = {
				ALWAYS_SEARCH_USER_PATHS = NO;
				ASSETCATALOG_COMPILER_APPICON_NAME = "$(APP_ICON_ASSETS)";
				ASSETCATALOG_COMPILER_LAUNCHIMAGE_NAME = "$(LAUNCHER_ASSETS)";
				CLANG_ALLOW_NON_MODULAR_INCLUDES_IN_FRAMEWORK_MODULES = YES;
				CLANG_CXX_LANGUAGE_STANDARD = "gnu++0x";
				CLANG_CXX_LIBRARY = "libc++";
				CLANG_ENABLE_MODULES = YES;
				CLANG_ENABLE_OBJC_ARC = YES;
				CLANG_WARN_BOOL_CONVERSION = YES;
				CLANG_WARN_CONSTANT_CONVERSION = YES;
				CLANG_WARN_DIRECT_OBJC_ISA_USAGE = YES_ERROR;
				CLANG_WARN_EMPTY_BODY = YES;
				CLANG_WARN_ENUM_CONVERSION = YES;
				CLANG_WARN_INT_CONVERSION = YES;
				CLANG_WARN_OBJC_ROOT_CLASS = YES_ERROR;
				CLANG_WARN_UNREACHABLE_CODE = YES;
				CLANG_WARN__DUPLICATE_METHOD_MATCH = YES;
				"CODE_SIGN_IDENTITY[sdk=iphoneos*]" = "iPhone Developer";
				COPY_PHASE_STRIP = NO;
				DEBUG_INFORMATION_FORMAT = "dwarf-with-dsym";
				DEFINES_MODULE = YES;
				ENABLE_NS_ASSERTIONS = NO;
				ENABLE_STRICT_OBJC_MSGSEND = YES;
				GCC_C_LANGUAGE_STANDARD = gnu99;
				GCC_NO_COMMON_BLOCKS = YES;
				GCC_PREPROCESSOR_DEFINITIONS = (
					"RELEASE=1",
					"PRODUCTION=1",
					"$(inherited)",
				);
				GCC_WARN_64_TO_32_BIT_CONVERSION = YES;
				GCC_WARN_ABOUT_RETURN_TYPE = YES_ERROR;
				GCC_WARN_UNDECLARED_SELECTOR = YES;
				GCC_WARN_UNINITIALIZED_AUTOS = YES_AGGRESSIVE;
				GCC_WARN_UNUSED_FUNCTION = YES;
				GCC_WARN_UNUSED_VARIABLE = YES;
				IPHONEOS_DEPLOYMENT_TARGET = 9.0;
				MTL_ENABLE_DEBUG_INFO = NO;
				SDKROOT = iphoneos;
				SWIFT_VERSION = 4.0;
				VALIDATE_PRODUCT = YES;
			};
			name = Production;
		};
/* End XCBuildConfiguration section */

/* Begin XCConfigurationList section */
		294F789D2226942700E2A24F /* Build configuration list for PBXNativeTarget "SDOSSwinjectExampleScript" */ = {
			isa = XCConfigurationList;
			buildConfigurations = (
				294F789E2226942700E2A24F /* Debug */,
				294F789F2226942700E2A24F /* Preproduction */,
				294F78A02226942700E2A24F /* Production */,
			);
			defaultConfigurationIsVisible = 0;
			defaultConfigurationName = Preproduction;
		};
		2970AD701BFA153F007CFBD9 /* Build configuration list for PBXProject "SDOSSwinjectExample" */ = {
			isa = XCConfigurationList;
			buildConfigurations = (
				2970AD8D1BFA153F007CFBD9 /* Debug */,
				2970AD8E1BFA153F007CFBD9 /* Preproduction */,
				29AFB1E61C04A0F8004AB1B6 /* Production */,
			);
			defaultConfigurationIsVisible = 0;
			defaultConfigurationName = Preproduction;
		};
/* End XCConfigurationList section */
	};
	rootObject = 2970AD6D1BFA153F007CFBD9 /* Project object */;
}
