<?xml version="1.0" encoding="UTF-8"?>
<Scheme
   LastUpgradeVersion = "1020"
   version = "1.3">
   <BuildAction
      parallelizeBuildables = "YES"
      buildImplicitDependencies = "YES">
      <BuildActionEntries>
         <BuildActionEntry
            buildForTesting = "YES"
            buildForRunning = "YES"
            buildForProfiling = "YES"
            buildForArchiving = "YES"
            buildForAnalyzing = "YES">
            <BuildableReference
               BuildableIdentifier = "primary"
               BlueprintIdentifier = "294F78982226942700E2A24F"
               BuildableName = "SDOSSwinject"
               BlueprintName = "SDOSSwinjectExampleScript"
               ReferencedContainer = "container:SDOSSwinjectExample.xcodeproj">
            </BuildableReference>
         </BuildActionEntry>
      </BuildActionEntries>
   </BuildAction>
   <TestAction
      buildConfiguration = "Debug"
      selectedDebuggerIdentifier = "Xcode.DebuggerFoundation.Debugger.LLDB"
      selectedLauncherIdentifier = "Xcode.DebuggerFoundation.Launcher.LLDB"
      shouldUseLaunchSchemeArgsEnv = "YES">
      <Testables>
      </Testables>
      <MacroExpansion>
         <BuildableReference
            BuildableIdentifier = "primary"
            BlueprintIdentifier = "294F78982226942700E2A24F"
            BuildableName = "SDOSSwinject"
            BlueprintName = "SDOSSwinjectExampleScript"
            ReferencedContainer = "container:SDOSSwinjectExample.xcodeproj">
         </BuildableReference>
      </MacroExpansion>
      <AdditionalOptions>
      </AdditionalOptions>
   </TestAction>
   <LaunchAction
      buildConfiguration = "Debug"
      selectedDebuggerIdentifier = "Xcode.DebuggerFoundation.Debugger.LLDB"
      selectedLauncherIdentifier = "Xcode.DebuggerFoundation.Launcher.LLDB"
      launchStyle = "0"
      useCustomWorkingDirectory = "NO"
      ignoresPersistentStateOnLaunch = "NO"
      debugDocumentVersioning = "YES"
      debugServiceExtension = "internal"
      allowLocationSimulation = "YES">
      <BuildableProductRunnable
         runnableDebuggingMode = "0">
         <BuildableReference
            BuildableIdentifier = "primary"
            BlueprintIdentifier = "294F78982226942700E2A24F"
            BuildableName = "SDOSSwinject"
            BlueprintName = "SDOSSwinjectExampleScript"
            ReferencedContainer = "container:SDOSSwinjectExample.xcodeproj">
         </BuildableReference>
      </BuildableProductRunnable>
      <CommandLineArguments>
         <CommandLineArgument
            argument = "-o &quot;${PROJECT_DIR}/example/Dependencies.swift&quot;"
            isEnabled = "YES">
         </CommandLineArgument>
         <CommandLineArgument
            argument = "-i &quot;${PROJECT_DIR}/example/dependencies.json&quot;"
            isEnabled = "YES">
         </CommandLineArgument>
         <CommandLineArgument
            argument = "--disable-input-output-files-validation"
            isEnabled = "NO">
         </CommandLineArgument>
         <CommandLineArgument
            argument = "--unlock-files"
            isEnabled = "NO">
         </CommandLineArgument>
      </CommandLineArguments>
      <EnvironmentVariables>
         <EnvironmentVariable
            key = "SCRIPT_INPUT_FILE_COUNT"
            value = "1"
            isEnabled = "YES">
         </EnvironmentVariable>
         <EnvironmentVariable
            key = "SCRIPT_INPUT_FILE_0"
            value = "${PROJECT_DIR}/example/dependencies.json"
            isEnabled = "YES">
         </EnvironmentVariable>
         <EnvironmentVariable
            key = "SCRIPT_OUTPUT_FILE_COUNT"
            value = "1"
            isEnabled = "YES">
         </EnvironmentVariable>
         <EnvironmentVariable
            key = "SCRIPT_OUTPUT_FILE_0"
            value = "${PROJECT_DIR}/example/Dependencies.swift"
            isEnabled = "YES">
         </EnvironmentVariable>
      </EnvironmentVariables>
      <AdditionalOptions>
      </AdditionalOptions>
   </LaunchAction>
   <ProfileAction
      buildConfiguration = "Preproduction"
      shouldUseLaunchSchemeArgsEnv = "YES"
      savedToolIdentifier = ""
      useCustomWorkingDirectory = "NO"
      debugDocumentVersioning = "YES">
      <BuildableProductRunnable
         runnableDebuggingMode = "0">
         <BuildableReference
            BuildableIdentifier = "primary"
            BlueprintIdentifier = "294F78982226942700E2A24F"
            BuildableName = "SDOSSwinject"
            BlueprintName = "SDOSSwinjectExampleScript"
            ReferencedContainer = "container:SDOSSwinjectExample.xcodeproj">
         </BuildableReference>
      </BuildableProductRunnable>
   </ProfileAction>
   <AnalyzeAction
      buildConfiguration = "Debug">
   </AnalyzeAction>
   <ArchiveAction
      buildConfiguration = "Preproduction"
      revealArchiveInOrganizer = "YES">
   </ArchiveAction>
</Scheme>
